
Microsoft Visual Studio Solution File, Format Version 12.00
# Visual Studio Version 17
VisualStudioVersion = 17.4.33103.184
MinimumVisualStudioVersion = 10.0.40219.1
Project("{FAE04EC0-301F-11D3-BF4B-00C04F79EFBC}") = "K191273_Q1", "K191273_Q1\K191273_Q1.csproj", "{A2695157-AB7E-4BFC-9493-CADC2812DC05}"
EndProject
Global
	GlobalSection(SolutionConfigurationPlatforms) = preSolution
		Debug|Any CPU = Debug|Any CPU
		Release|Any CPU = Release|Any CPU
	EndGlobalSection
	GlobalSection(ProjectConfigurationPlatforms) = postSolution
		{A2695157-AB7E-4BFC-9493-CADC2812DC05}.Debug|Any CPU.ActiveCfg = Debug|Any CPU
		{A2695157-AB7E-4BFC-9493-CADC2812DC05}.Debug|Any CPU.Build.0 = Debug|Any CPU
		{A2695157-AB7E-4BFC-9493-CADC2812DC05}.Release|Any CPU.ActiveCfg = Release|Any CPU
		{A2695157-AB7E-4BFC-9493-CADC2812DC05}.Release|Any CPU.Build.0 = Release|Any CPU
	EndGlobalSection
	GlobalSection(SolutionProperties) = preSolution
		HideSolutionNode = FALSE
	EndGlobalSection
	GlobalSection(ExtensibilityGlobals) = postSolution
		SolutionGuid = {6398F9EC-947C-498C-BD09-621B2DA1EF84}
	EndGlobalSection
EndGlobal
